
Microsoft Visual Studio Solution File, Format Version 12.00
# Visual Studio 15
Project("{FAE04EC0-301F-11D3-BF4B-00C04F79EFBC}") = "Assembly-CSharp", "Assembly-CSharp.csproj", "{96889835-27B9-9B52-7070-DEDA5B4BE7D7}"
EndProject
Project("{FAE04EC0-301F-11D3-BF4B-00C04F79EFBC}") = "Assembly-CSharp-Editor", "Assembly-CSharp-Editor.csproj", "{6056291B-49D6-FEA7-D8BB-7707155871E9}"
EndProject
Project("{FAE04EC0-301F-11D3-BF4B-00C04F79EFBC}") = "Assembly-CSharp", "Assembly-CSharp.Player.csproj", "{4332578B-89AC-48CA-D6FC-32F55E2437EB}"
EndProject
Global
	GlobalSection(SolutionConfigurationPlatforms) = preSolution
		Debug|Any CPU = Debug|Any CPU
		Release|Any CPU = Release|Any CPU
	EndGlobalSection
	GlobalSection(ProjectConfigurationPlatforms) = postSolution
		{96889835-27B9-9B52-7070-DEDA5B4BE7D7}.Debug|Any CPU.ActiveCfg = Debug|Any CPU
		{96889835-27B9-9B52-7070-DEDA5B4BE7D7}.Debug|Any CPU.Build.0 = Debug|Any CPU
		{96889835-27B9-9B52-7070-DEDA5B4BE7D7}.Release|Any CPU.ActiveCfg = Release|Any CPU
		{96889835-27B9-9B52-7070-DEDA5B4BE7D7}.Release|Any CPU.Build.0 = Release|Any CPU
		{6056291B-49D6-FEA7-D8BB-7707155871E9}.Debug|Any CPU.ActiveCfg = Debug|Any CPU
		{6056291B-49D6-FEA7-D8BB-7707155871E9}.Debug|Any CPU.Build.0 = Debug|Any CPU
		{6056291B-49D6-FEA7-D8BB-7707155871E9}.Release|Any CPU.ActiveCfg = Release|Any CPU
		{6056291B-49D6-FEA7-D8BB-7707155871E9}.Release|Any CPU.Build.0 = Release|Any CPU
		{4332578B-89AC-48CA-D6FC-32F55E2437EB}.Debug|Any CPU.ActiveCfg = Debug|Any CPU
		{4332578B-89AC-48CA-D6FC-32F55E2437EB}.Debug|Any CPU.Build.0 = Debug|Any CPU
		{4332578B-89AC-48CA-D6FC-32F55E2437EB}.Release|Any CPU.ActiveCfg = Release|Any CPU
		{4332578B-89AC-48CA-D6FC-32F55E2437EB}.Release|Any CPU.Build.0 = Release|Any CPU
	EndGlobalSection
	GlobalSection(SolutionProperties) = preSolution
		HideSolutionNode = FALSE
	EndGlobalSection
EndGlobal
